
Microsoft Visual Studio Solution File, Format Version 12.00
# Visual Studio Version 16
VisualStudioVersion = 16.0.29806.167
MinimumVisualStudioVersion = 10.0.40219.1
Project("{FAE04EC0-301F-11D3-BF4B-00C04F79EFBC}") = "UrunYonetimi", "UrunYonetimi\UrunYonetimi.csproj", "{30D7D023-D945-471C-BB1F-F689206770C3}"
EndProject
Project("{FAE04EC0-301F-11D3-BF4B-00C04F79EFBC}") = "Urunler.Data", "Urunler.Data\Urunler.Data.csproj", "{D8B5195F-8877-4D9B-BD3A-CD5608D30D2F}"
EndProject
Global
	GlobalSection(SolutionConfigurationPlatforms) = preSolution
		Debug|Any CPU = Debug|Any CPU
		Release|Any CPU = Release|Any CPU
	EndGlobalSection
	GlobalSection(ProjectConfigurationPlatforms) = postSolution
		{30D7D023-D945-471C-BB1F-F689206770C3}.Debug|Any CPU.ActiveCfg = Debug|Any CPU
		{30D7D023-D945-471C-BB1F-F689206770C3}.Debug|Any CPU.Build.0 = Debug|Any CPU
		{30D7D023-D945-471C-BB1F-F689206770C3}.Release|Any CPU.ActiveCfg = Release|Any CPU
		{30D7D023-D945-471C-BB1F-F689206770C3}.Release|Any CPU.Build.0 = Release|Any CPU
		{D8B5195F-8877-4D9B-BD3A-CD5608D30D2F}.Debug|Any CPU.ActiveCfg = Debug|Any CPU
		{D8B5195F-8877-4D9B-BD3A-CD5608D30D2F}.Debug|Any CPU.Build.0 = Debug|Any CPU
		{D8B5195F-8877-4D9B-BD3A-CD5608D30D2F}.Release|Any CPU.ActiveCfg = Release|Any CPU
		{D8B5195F-8877-4D9B-BD3A-CD5608D30D2F}.Release|Any CPU.Build.0 = Release|Any CPU
	EndGlobalSection
	GlobalSection(SolutionProperties) = preSolution
		HideSolutionNode = FALSE
	EndGlobalSection
	GlobalSection(ExtensibilityGlobals) = postSolution
		SolutionGuid = {E6EA8084-016C-4D71-8DEF-DBFACA4F213E}
	EndGlobalSection
EndGlobal
